PODS:
  - RxCocoa (2.1.0):
    - RxSwift (~> 2.0)
  - RxSwift (2.1.0)
  - RxWebSocket (0.1.0):
    - RxCocoa (~> 2.1.0)
    - Starscream (~> 1.1.1)
  - Starscream (1.1.1)

DEPENDENCIES:
  - RxWebSocket (from `../`)

EXTERNAL SOURCES:
  RxWebSocket:
    :path: ../

SPEC CHECKSUMS:
  RxCocoa: 79b5feb8378545336e756a0a33fcf5e95050b71c
  RxSwift: 110fb07f81c17c2c3b3254d168363057b1880d18
  RxWebSocket: 16abc13d4fa9db20c5df3b27bef8d454f6b23cb3
  Starscream: d74dd8d122a6abd244d8d5e51f32891c796d0827

COCOAPODS: 0.39.0
